
Microsoft Visual Studio Solution File, Format Version 12.00
# Visual Studio 15
VisualStudioVersion = 15.0.28307.572
MinimumVisualStudioVersion = 10.0.40219.1
Project("{9A19103F-16F7-4668-BE54-9A1E7A4F7556}") = "RapiTurnos", "RapiTurnos\RapiTurnos.csproj", "{38630E36-CC33-4388-A0C7-D47840C87599}"
EndProject
Project("{FAE04EC0-301F-11D3-BF4B-00C04F79EFBC}") = "RapiTurnosDTO", "RapiTurnosDTO\RapiTurnosDTO.csproj", "{9F80FF23-8DF7-4702-A1EE-326E91F07046}"
EndProject
Global
	GlobalSection(SolutionConfigurationPlatforms) = preSolution
		Debug|Any CPU = Debug|Any CPU
		Release|Any CPU = Release|Any CPU
	EndGlobalSection
	GlobalSection(ProjectConfigurationPlatforms) = postSolution
		{38630E36-CC33-4388-A0C7-D47840C87599}.Debug|Any CPU.ActiveCfg = Debug|Any CPU
		{38630E36-CC33-4388-A0C7-D47840C87599}.Debug|Any CPU.Build.0 = Debug|Any CPU
		{38630E36-CC33-4388-A0C7-D47840C87599}.Release|Any CPU.ActiveCfg = Release|Any CPU
		{38630E36-CC33-4388-A0C7-D47840C87599}.Release|Any CPU.Build.0 = Release|Any CPU
		{9F80FF23-8DF7-4702-A1EE-326E91F07046}.Debug|Any CPU.ActiveCfg = Debug|Any CPU
		{9F80FF23-8DF7-4702-A1EE-326E91F07046}.Debug|Any CPU.Build.0 = Debug|Any CPU
		{9F80FF23-8DF7-4702-A1EE-326E91F07046}.Release|Any CPU.ActiveCfg = Release|Any CPU
		{9F80FF23-8DF7-4702-A1EE-326E91F07046}.Release|Any CPU.Build.0 = Release|Any CPU
	EndGlobalSection
	GlobalSection(SolutionProperties) = preSolution
		HideSolutionNode = FALSE
	EndGlobalSection
	GlobalSection(ExtensibilityGlobals) = postSolution
		SolutionGuid = {C15F2BB8-53F3-4600-BF9E-5535D8A19176}
	EndGlobalSection
EndGlobal
